
Microsoft Visual Studio Solution File, Format Version 12.00
# Visual Studio Version 16
VisualStudioVersion = 16.0.30114.105
MinimumVisualStudioVersion = 10.0.40219.1
Project("{FAE04EC0-301F-11D3-BF4B-00C04F79EFBC}") = "DominandoAspNetMVCCore", "DominandoAspNetMVCCore\DominandoAspNetMVCCore.csproj", "{B5F19487-0C85-4278-A198-BA49233D8E9A}"
EndProject
Global
	GlobalSection(SolutionConfigurationPlatforms) = preSolution
		Debug|Any CPU = Debug|Any CPU
		Release|Any CPU = Release|Any CPU
	EndGlobalSection
	GlobalSection(ProjectConfigurationPlatforms) = postSolution
		{B5F19487-0C85-4278-A198-BA49233D8E9A}.Debug|Any CPU.ActiveCfg = Debug|Any CPU
		{B5F19487-0C85-4278-A198-BA49233D8E9A}.Debug|Any CPU.Build.0 = Debug|Any CPU
		{B5F19487-0C85-4278-A198-BA49233D8E9A}.Release|Any CPU.ActiveCfg = Release|Any CPU
		{B5F19487-0C85-4278-A198-BA49233D8E9A}.Release|Any CPU.Build.0 = Release|Any CPU
	EndGlobalSection
	GlobalSection(SolutionProperties) = preSolution
		HideSolutionNode = FALSE
	EndGlobalSection
	GlobalSection(ExtensibilityGlobals) = postSolution
		SolutionGuid = {8E0A8C6D-5333-4D5B-AEA1-228F06A8D716}
	EndGlobalSection
EndGlobal
